
Microsoft Visual Studio Solution File, Format Version 12.00
# Visual Studio Version 17
VisualStudioVersion = 17.10.35122.118
MinimumVisualStudioVersion = 10.0.40219.1
Project("{FAE04EC0-301F-11D3-BF4B-00C04F79EFBC}") = "Angular-project", "Angular-project\Angular-project.csproj", "{998CBD95-128C-40E2-8897-3CEB6284F00A}"
EndProject
Global
	GlobalSection(SolutionConfigurationPlatforms) = preSolution
		Debug|Any CPU = Debug|Any CPU
		Release|Any CPU = Release|Any CPU
	EndGlobalSection
	GlobalSection(ProjectConfigurationPlatforms) = postSolution
		{998CBD95-128C-40E2-8897-3CEB6284F00A}.Debug|Any CPU.ActiveCfg = Debug|Any CPU
		{998CBD95-128C-40E2-8897-3CEB6284F00A}.Debug|Any CPU.Build.0 = Debug|Any CPU
		{998CBD95-128C-40E2-8897-3CEB6284F00A}.Release|Any CPU.ActiveCfg = Release|Any CPU
		{998CBD95-128C-40E2-8897-3CEB6284F00A}.Release|Any CPU.Build.0 = Release|Any CPU
	EndGlobalSection
	GlobalSection(SolutionProperties) = preSolution
		HideSolutionNode = FALSE
	EndGlobalSection
	GlobalSection(ExtensibilityGlobals) = postSolution
		SolutionGuid = {55CEA6B4-9BF1-47D4-A622-782E1BC16E31}
	EndGlobalSection
EndGlobal
